
Microsoft Visual Studio Solution File, Format Version 12.00
# Visual Studio Version 17
VisualStudioVersion = 17.9.34728.123
MinimumVisualStudioVersion = 10.0.40219.1
Project("{FAE04EC0-301F-11D3-BF4B-00C04F79EFBC}") = "Course Work (WinForms .NET Framework, C#, MS SQL)", "Course Work (WinForms .NET Framework, C#, MS SQL)\Course Work (WinForms .NET Framework, C#, MS SQL).csproj", "{786E1A57-566A-4037-9EBD-934DB16C3F40}"
EndProject
Global
	GlobalSection(SolutionConfigurationPlatforms) = preSolution
		Debug|Any CPU = Debug|Any CPU
		Release|Any CPU = Release|Any CPU
	EndGlobalSection
	GlobalSection(ProjectConfigurationPlatforms) = postSolution
		{786E1A57-566A-4037-9EBD-934DB16C3F40}.Debug|Any CPU.ActiveCfg = Release|Any CPU
		{786E1A57-566A-4037-9EBD-934DB16C3F40}.Debug|Any CPU.Build.0 = Release|Any CPU
		{786E1A57-566A-4037-9EBD-934DB16C3F40}.Release|Any CPU.ActiveCfg = Release|Any CPU
		{786E1A57-566A-4037-9EBD-934DB16C3F40}.Release|Any CPU.Build.0 = Release|Any CPU
	EndGlobalSection
	GlobalSection(SolutionProperties) = preSolution
		HideSolutionNode = FALSE
	EndGlobalSection
	GlobalSection(ExtensibilityGlobals) = postSolution
		SolutionGuid = {5916CC33-5EF1-443C-A39B-CC6CC0B11F02}
	EndGlobalSection
EndGlobal
